// !$*UTF8*$!
{
	archiveVersion = 1;
	classes = {
	};
	objectVersion = 50;
	objects = {

/* Begin PBXBuildFile section */
		9DFF54F324F7ECB70067A79D /* AppDelegate.swift in Sources */ = {isa = PBXBuildFile; fileRef = 9DFF54F224F7ECB70067A79D /* AppDelegate.swift */; };
		9DFF54F524F7ECB70067A79D /* SceneDelegate.swift in Sources */ = {isa = PBXBuildFile; fileRef = 9DFF54F424F7ECB70067A79D /* SceneDelegate.swift */; };
		9DFF54F724F7ECB70067A79D /* ViewController.swift in Sources */ = {isa = PBXBuildFile; fileRef = 9DFF54F624F7ECB70067A79D /* ViewController.swift */; };
		9DFF54FA24F7ECB70067A79D /* Main.storyboard in Resources */ = {isa = PBXBuildFile; fileRef = 9DFF54F824F7ECB70067A79D /* Main.storyboard */; };
		9DFF54FC24F7ECB70067A79D /* Assets.xcassets in Resources */ = {isa = PBXBuildFile; fileRef = 9DFF54FB24F7ECB70067A79D /* Assets.xcassets */; };
		9DFF54FF24F7ECB70067A79D /* LaunchScreen.storyboard in Resources */ = {isa = PBXBuildFile; fileRef = 9DFF54FD24F7ECB70067A79D /* LaunchScreen.storyboard */; };
		9DFF550724F819F00067A79D /* Inceptionv3.mlmodel in Sources */ = {isa = PBXBuildFile; fileRef = 9DFF550624F819F00067A79D /* Inceptionv3.mlmodel */; };
/* End PBXBuildFile section */

/* Begin PBXFileReference section */
		9DFF54EF24F7ECB70067A79D /* ObjectsML.app */ = {isa = PBXFileReference; explicitFileType = wrapper.application; includeInIndex = 0; path = ObjectsML.app; sourceTree = BUILT_PRODUCTS_DIR; };
		9DFF54F224F7ECB70067A79D /* AppDelegate.swift */ = {isa = PBXFileReference; lastKnownFileType = sourcecode.swift; path = AppDelegate.swift; sourceTree = "<group>"; };
		9DFF54F424F7ECB70067A79D /* SceneDelegate.swift */ = {isa = PBXFileReference; lastKnownFileType = sourcecode.swift; path = SceneDelegate.swift; sourceTree = "<group>"; };
		9DFF54F624F7ECB70067A79D /* ViewController.swift */ = {isa = PBXFileReference; lastKnownFileType = sourcecode.swift; path = ViewController.swift; sourceTree = "<group>"; };
		9DFF54F924F7ECB70067A79D /* Base */ = {isa = PBXFileReference; lastKnownFileType = file.storyboard; name = Base; path = Base.lproj/Main.storyboard; sourceTree = "<group>"; };
		9DFF54FB24F7ECB70067A79D /* Assets.xcassets */ = {isa = PBXFileReference; lastKnownFileType = folder.assetcatalog; path = Assets.xcassets; sourceTree = "<group>"; };
		9DFF54FE24F7ECB70067A79D /* Base */ = {isa = PBXFileReference; lastKnownFileType = file.storyboard; name = Base; path = Base.lproj/LaunchScreen.storyboard; sourceTree = "<group>"; };
		9DFF550024F7ECB70067A79D /* Info.plist */ = {isa = PBXFileReference; lastKnownFileType = text.plist.xml; path = Info.plist; sourceTree = "<group>"; };
		9DFF550624F819F00067A79D /* Inceptionv3.mlmodel */ = {isa = PBXFileReference; lastKnownFileType = file.mlmodel; path = Inceptionv3.mlmodel; sourceTree = "<group>"; };
/* End PBXFileReference section */

/* Begin PBXFrameworksBuildPhase section */
		9DFF54EC24F7ECB70067A79D /* Frameworks */ = {
			isa = PBXFrameworksBuildPhase;
			buildActionMask = 2147483647;
			files = (
			);
			runOnlyForDeploymentPostprocessing = 0;
		};
/* End PBXFrameworksBuildPhase section */

/* Begin PBXGroup section */
		9DFF54E624F7ECB60067A79D = {
			isa = PBXGroup;
			children = (
				9DFF54F124F7ECB70067A79D /* SeeFood M */,
				9DFF54F024F7ECB70067A79D /* Products */,
			);
			sourceTree = "<group>";
		};
		9DFF54F024F7ECB70067A79D /* Products */ = {
			isa = PBXGroup;
			children = (
				9DFF54EF24F7ECB70067A79D /* ObjectsML.app */,
			);
			name = Products;
			sourceTree = "<group>";
		};
		9DFF54F124F7ECB70067A79D /* SeeFood M */ = {
			isa = PBXGroup;
			children = (
				9DFF54F224F7ECB70067A79D /* AppDelegate.swift */,
				9DFF54F424F7ECB70067A79D /* SceneDelegate.swift */,
				9DFF54F624F7ECB70067A79D /* ViewController.swift */,
				9DFF54F824F7ECB70067A79D /* Main.storyboard */,
				9DFF54FB24F7ECB70067A79D /* Assets.xcassets */,
				9DFF54FD24F7ECB70067A79D /* LaunchScreen.storyboard */,
				9DFF550024F7ECB70067A79D /* Info.plist */,
				9DFF550624F819F00067A79D /* Inceptionv3.mlmodel */,
			);
			path = "SeeFood M";
			sourceTree = "<group>";
		};
/* End PBXGroup section */

/* Begin PBXNativeTarget section */
		9DFF54EE24F7ECB70067A79D /* ObjectsML */ = {
			isa = PBXNativeTarget;
			buildConfigurationList = 9DFF550324F7ECB70067A79D /* Build configuration list for PBXNativeTarget "ObjectsML" */;
			buildPhases = (
				9DFF54EB24F7ECB70067A79D /* Sources */,
				9DFF54EC24F7ECB70067A79D /* Frameworks */,
				9DFF54ED24F7ECB70067A79D /* Resources */,
			);
			buildRules = (
			);
			dependencies = (
			);
			name = ObjectsML;
			productName = "SeeFood M";
			productReference = 9DFF54EF24F7ECB70067A79D /* ObjectsML.app */;
			productType = "com.apple.product-type.application";
		};
/* End PBXNativeTarget section */

/* Begin PBXProject section */
		9DFF54E724F7ECB60067A79D /* Project object */ = {
			isa = PBXProject;
			attributes = {
				LastSwiftUpdateCheck = 1200;
				LastUpgradeCheck = 1200;
				TargetAttributes = {
					9DFF54EE24F7ECB70067A79D = {
						CreatedOnToolsVersion = 12.0;
					};
				};
			};
			buildConfigurationList = 9DFF54EA24F7ECB60067A79D /* Build configuration list for PBXProject "ObjectsML" */;
			compatibilityVersion = "Xcode 9.3";
			developmentRegion = en;
			hasScannedForEncodings = 0;
			knownRegions = (
				en,
				Base,
			);
			mainGroup = 9DFF54E624F7ECB60067A79D;
			productRefGroup = 9DFF54F024F7ECB70067A79D /* Products */;
			projectDirPath = "";
			projectRoot = "";
			targets = (
				9DFF54EE24F7ECB70067A79D /* ObjectsML */,
			);
		};
/* End PBXProject section */

/* Begin PBXResourcesBuildPhase section */
		9DFF54ED24F7ECB70067A79D /* Resources */ = {
			isa = PBXResourcesBuildPhase;
			buildActionMask = 2147483647;
			files = (
				9DFF54FF24F7ECB70067A79D /* LaunchScreen.storyboard in Resources */,
				9DFF54FC24F7ECB70067A79D /* Assets.xcassets in Resources */,
				9DFF54FA24F7ECB70067A79D /* Main.storyboard in Resources */,
			);
			runOnlyForDeploymentPostprocessing = 0;
		};
/* End PBXResourcesBuildPhase section */

/* Begin PBXSourcesBuildPhase section */
		9DFF54EB24F7ECB70067A79D /* Sources */ = {
			isa = PBXSourcesBuildPhase;
			buildActionMask = 2147483647;
			files = (
				9DFF54F724F7ECB70067A79D /* ViewController.swift in Sources */,
				9DFF550724F819F00067A79D /* Inceptionv3.mlmodel in Sources */,
				9DFF54F324F7ECB70067A79D /* AppDelegate.swift in Sources */,
				9DFF54F524F7ECB70067A79D /* SceneDelegate.swift in Sources */,
			);
			runOnlyForDeploymentPostprocessing = 0;
		};
/* End PBXSourcesBuildPhase section */

/* Begin PBXVariantGroup section */
		9DFF54F824F7ECB70067A79D /* Main.storyboard */ = {
			isa = PBXVariantGroup;
			children = (
				9DFF54F924F7ECB70067A79D /* Base */,
			);
			name = Main.storyboard;
			sourceTree = "<group>";
		};
		9DFF54FD24F7ECB70067A79D /* LaunchScreen.storyboard */ = {
			isa = PBXVariantGroup;
			children = (
				9DFF54FE24F7ECB70067A79D /* Base */,
			);
			name = LaunchScreen.storyboard;
			sourceTree = "<group>";
		};
/* End PBXVariantGroup section */

/* Begin XCBuildConfiguration section */
		9DFF550124F7ECB70067A79D /* Debug */ = {
			isa = XCBuildConfiguration;
			buildSettings = {
				ALWAYS_SEARCH_USER_PATHS = NO;
				CLANG_ANALYZER_NONNULL = YES;
				CLANG_ANALYZER_NUMBER_OBJECT_CONVERSION = YES_AGGRESSIVE;
				CLANG_CXX_LANGUAGE_STANDARD = "gnu++14";
				CLANG_CXX_LIBRARY = "libc++";
				CLANG_ENABLE_MODULES = YES;
				CLANG_ENABLE_OBJC_ARC = YES;
				CLANG_ENABLE_OBJC_WEAK = YES;
				CLANG_WARN_BLOCK_CAPTURE_AUTORELEASING = YES;
				CLANG_WARN_BOOL_CONVERSION = YES;
				CLANG_WARN_COMMA = YES;
				CLANG_WARN_CONSTANT_CONVERSION = YES;
				CLANG_WARN_DEPRECATED_OBJC_IMPLEMENTATIONS = YES;
				CLANG_WARN_DIRECT_OBJC_ISA_USAGE = YES_ERROR;
				CLANG_WARN_DOCUMENTATION_COMMENTS = YES;
				CLANG_WARN_EMPTY_BODY = YES;
				CLANG_WARN_ENUM_CONVERSION = YES;
				CLANG_WARN_INFINITE_RECURSION = YES;
				CLANG_WARN_INT_CONVERSION = YES;
				CLANG_WARN_NON_LITERAL_NULL_CONVERSION = YES;
				CLANG_WARN_OBJC_IMPLICIT_RETAIN_SELF = YES;
				CLANG_WARN_OBJC_LITERAL_CONVERSION = YES;
				CLANG_WARN_OBJC_ROOT_CLASS = YES_ERROR;
				CLANG_WARN_QUOTED_INCLUDE_IN_FRAMEWORK_HEADER = YES;
				CLANG_WARN_RANGE_LOOP_ANALYSIS = YES;
				CLANG_WARN_STRICT_PROTOTYPES = YES;
				CLANG_WARN_SUSPICIOUS_MOVE = YES;
				CLANG_WARN_UNGUARDED_AVAILABILITY = YES_AGGRESSIVE;
				CLANG_WARN_UNREACHABLE_CODE = YES;
				CLANG_WARN__DUPLICATE_METHOD_MATCH = YES;
				COPY_PHASE_STRIP = NO;
				DEBUG_INFORMATION_FORMAT = dwarf;
				ENABLE_STRICT_OBJC_MSGSEND = YES;
				ENABLE_TESTABILITY = YES;
				GCC_C_LANGUAGE_STANDARD = gnu11;
				GCC_DYNAMIC_NO_PIC = NO;
				GCC_NO_COMMON_BLOCKS = YES;
				GCC_OPTIMIZATION_LEVEL = 0;
				GCC_PREPROCESSOR_DEFINITIONS = (
					"DEBUG=1",
					"$(inherited)",
				);
				GCC_WARN_64_TO_32_BIT_CONVERSION = YES;
				GCC_WARN_ABOUT_RETURN_TYPE = YES_ERROR;
				GCC_WARN_UNDECLARED_SELECTOR = YES;
				GCC_WARN_UNINITIALIZED_AUTOS = YES_AGGRESSIVE;
				GCC_WARN_UNUSED_FUNCTION = YES;
				GCC_WARN_UNUSED_VARIABLE = YES;
				IPHONEOS_DEPLOYMENT_TARGET = 14.0;
				MTL_ENABLE_DEBUG_INFO = INCLUDE_SOURCE;
				MTL_FAST_MATH = YES;
				ONLY_ACTIVE_ARCH = YES;
				SDKROOT = iphoneos;
				SWIFT_ACTIVE_COMPILATION_CONDITIONS = DEBUG;
				SWIFT_OPTIMIZATION_LEVEL = "-Onone";
			};
			name = Debug;
		};
		9DFF550224F7ECB70067A79D /* Release */ = {
			isa = XCBuildConfiguration;
			buildSettings = {
				ALWAYS_SEARCH_USER_PATHS = NO;
				CLANG_ANALYZER_NONNULL = YES;
				CLANG_ANALYZER_NUMBER_OBJECT_CONVERSION = YES_AGGRESSIVE;
				CLANG_CXX_LANGUAGE_STANDARD = "gnu++14";
				CLANG_CXX_LIBRARY = "libc++";
				CLANG_ENABLE_MODULES = YES;
				CLANG_ENABLE_OBJC_ARC = YES;
				CLANG_ENABLE_OBJC_WEAK = YES;
				CLANG_WARN_BLOCK_CAPTURE_AUTORELEASING = YES;
				CLANG_WARN_BOOL_CONVERSION = YES;
				CLANG_WARN_COMMA = YES;
				CLANG_WARN_CONSTANT_CONVERSION = YES;
				CLANG_WARN_DEPRECATED_OBJC_IMPLEMENTATIONS = YES;
				CLANG_WARN_DIRECT_OBJC_ISA_USAGE = YES_ERROR;
				CLANG_WARN_DOCUMENTATION_COMMENTS = YES;
				CLANG_WARN_EMPTY_BODY = YES;
				CLANG_WARN_ENUM_CONVERSION = YES;
				CLANG_WARN_INFINITE_RECURSION = YES;
				CLANG_WARN_INT_CONVERSION = YES;
				CLANG_WARN_NON_LITERAL_NULL_CONVERSION = YES;
				CLANG_WARN_OBJC_IMPLICIT_RETAIN_SELF = YES;
				CLANG_WARN_OBJC_LITERAL_CONVERSION = YES;
				CLANG_WARN_OBJC_ROOT_CLASS = YES_ERROR;
				CLANG_WARN_QUOTED_INCLUDE_IN_FRAMEWORK_HEADER = YES;
				CLANG_WARN_RANGE_LOOP_ANALYSIS = YES;
				CLANG_WARN_STRICT_PROTOTYPES = YES;
				CLANG_WARN_SUSPICIOUS_MOVE = YES;
				CLANG_WARN_UNGUARDED_AVAILABILITY = YES_AGGRESSIVE;
				CLANG_WARN_UNREACHABLE_CODE = YES;
				CLANG_WARN__DUPLICATE_METHOD_MATCH = YES;
				COPY_PHASE_STRIP = NO;
				DEBUG_INFORMATION_FORMAT = "dwarf-with-dsym";
				ENABLE_NS_ASSERTIONS = NO;
				ENABLE_STRICT_OBJC_MSGSEND = YES;
				GCC_C_LANGUAGE_STANDARD = gnu11;
				GCC_NO_COMMON_BLOCKS = YES;
				GCC_WARN_64_TO_32_BIT_CONVERSION = YES;
				GCC_WARN_ABOUT_RETURN_TYPE = YES_ERROR;
				GCC_WARN_UNDECLARED_SELECTOR = YES;
				GCC_WARN_UNINITIALIZED_AUTOS = YES_AGGRESSIVE;
				GCC_WARN_UNUSED_FUNCTION = YES;
				GCC_WARN_UNUSED_VARIABLE = YES;
				IPHONEOS_DEPLOYMENT_TARGET = 14.0;
				MTL_ENABLE_DEBUG_INFO = NO;
				MTL_FAST_MATH = YES;
				SDKROOT = iphoneos;
				SWIFT_COMPILATION_MODE = wholemodule;
				SWIFT_OPTIMIZATION_LEVEL = "-O";
				VALIDATE_PRODUCT = YES;
			};
			name = Release;
		};
		9DFF550424F7ECB70067A79D /* Debug */ = {
			isa = XCBuildConfiguration;
			buildSettings = {
				ASSETCATALOG_COMPILER_APPICON_NAME = AppIcon;
				ASSETCATALOG_COMPILER_GLOBAL_ACCENT_COLOR_NAME = AccentColor;
				CODE_SIGN_IDENTITY = "Apple Development";
				CODE_SIGN_STYLE = Automatic;
				DEVELOPMENT_TEAM = M3SL8T33K8;
				INFOPLIST_FILE = "SeeFood M/Info.plist";
				LD_RUNPATH_SEARCH_PATHS = (
					"$(inherited)",
					"@executable_path/Frameworks",
				);
				PRODUCT_BUNDLE_IDENTIFIER = com.ozkanadar.objectsML;
				PRODUCT_NAME = "$(TARGET_NAME)";
				PROVISIONING_PROFILE_SPECIFIER = "";
				SWIFT_VERSION = 5.0;
				TARGETED_DEVICE_FAMILY = 1;
			};
			name = Debug;
		};
		9DFF550524F7ECB70067A79D /* Release */ = {
			isa = XCBuildConfiguration;
			buildSettings = {
				ASSETCATALOG_COMPILER_APPICON_NAME = AppIcon;
				ASSETCATALOG_COMPILER_GLOBAL_ACCENT_COLOR_NAME = AccentColor;
				CODE_SIGN_IDENTITY = "Apple Development";
				CODE_SIGN_STYLE = Automatic;
				DEVELOPMENT_TEAM = M3SL8T33K8;
				INFOPLIST_FILE = "SeeFood M/Info.plist";
				LD_RUNPATH_SEARCH_PATHS = (
					"$(inherited)",
					"@executable_path/Frameworks",
				);
				PRODUCT_BUNDLE_IDENTIFIER = com.ozkanadar.objectsML;
				PRODUCT_NAME = "$(TARGET_NAME)";
				PROVISIONING_PROFILE_SPECIFIER = "";
				SWIFT_VERSION = 5.0;
				TARGETED_DEVICE_FAMILY = 1;
			};
			name = Release;
		};
/* End XCBuildConfiguration section */

/* Begin XCConfigurationList section */
		9DFF54EA24F7ECB60067A79D /* Build configuration list for PBXProject "ObjectsML" */ = {
			isa = XCConfigurationList;
			buildConfigurations = (
				9DFF550124F7ECB70067A79D /* Debug */,
				9DFF550224F7ECB70067A79D /* Release */,
			);
			defaultConfigurationIsVisible = 0;
			defaultConfigurationName = Release;
		};
		9DFF550324F7ECB70067A79D /* Build configuration list for PBXNativeTarget "ObjectsML" */ = {
			isa = XCConfigurationList;
			buildConfigurations = (
				9DFF550424F7ECB70067A79D /* Debug */,
				9DFF550524F7ECB70067A79D /* Release */,
			);
			defaultConfigurationIsVisible = 0;
			defaultConfigurationName = Release;
		};
/* End XCConfigurationList section */
	};
	rootObject = 9DFF54E724F7ECB60067A79D /* Project object */;
}
